
Microsoft Visual Studio Solution File, Format Version 12.00
# Visual Studio 15
VisualStudioVersion = 15.0.28010.2019
MinimumVisualStudioVersion = 10.0.40219.1
Project("{FAE04EC0-301F-11D3-BF4B-00C04F79EFBC}") = "AltSourceTest", "AltSourceTest\AltSourceTest.csproj", "{F42BB44A-DBD9-40D8-A9C0-E1872EEB8338}"
EndProject
Global
	GlobalSection(SolutionConfigurationPlatforms) = preSolution
		Debug|Any CPU = Debug|Any CPU
		Release|Any CPU = Release|Any CPU
	EndGlobalSection
	GlobalSection(ProjectConfigurationPlatforms) = postSolution
		{F42BB44A-DBD9-40D8-A9C0-E1872EEB8338}.Debug|Any CPU.ActiveCfg = Debug|Any CPU
		{F42BB44A-DBD9-40D8-A9C0-E1872EEB8338}.Debug|Any CPU.Build.0 = Debug|Any CPU
		{F42BB44A-DBD9-40D8-A9C0-E1872EEB8338}.Release|Any CPU.ActiveCfg = Release|Any CPU
		{F42BB44A-DBD9-40D8-A9C0-E1872EEB8338}.Release|Any CPU.Build.0 = Release|Any CPU
	EndGlobalSection
	GlobalSection(SolutionProperties) = preSolution
		HideSolutionNode = FALSE
	EndGlobalSection
	GlobalSection(ExtensibilityGlobals) = postSolution
		SolutionGuid = {E940D755-5E76-4A4D-B394-6F4DF6F288A5}
	EndGlobalSection
EndGlobal
